
Microsoft Visual Studio Solution File, Format Version 12.00
# Visual Studio 15
Project("{FAE04EC0-301F-11D3-BF4B-00C04F79EFBC}") = "Assembly-CSharp", "Assembly-CSharp.csproj", "{28932B4E-C9D7-2492-B750-D6EE17BDCCBB}"
EndProject
Global
	GlobalSection(SolutionConfigurationPlatforms) = preSolution
		Debug|Any CPU = Debug|Any CPU
		Release|Any CPU = Release|Any CPU
	EndGlobalSection
	GlobalSection(ProjectConfigurationPlatforms) = postSolution
		{28932B4E-C9D7-2492-B750-D6EE17BDCCBB}.Debug|Any CPU.ActiveCfg = Debug|Any CPU
		{28932B4E-C9D7-2492-B750-D6EE17BDCCBB}.Debug|Any CPU.Build.0 = Debug|Any CPU
		{28932B4E-C9D7-2492-B750-D6EE17BDCCBB}.Release|Any CPU.ActiveCfg = Release|Any CPU
		{28932B4E-C9D7-2492-B750-D6EE17BDCCBB}.Release|Any CPU.Build.0 = Release|Any CPU
	EndGlobalSection
	GlobalSection(SolutionProperties) = preSolution
		HideSolutionNode = FALSE
	EndGlobalSection
EndGlobal
